
Microsoft Visual Studio Solution File, Format Version 12.00
# Visual Studio Version 16
VisualStudioVersion = 16.0.31313.79
MinimumVisualStudioVersion = 10.0.40219.1
Project("{FAE04EC0-301F-11D3-BF4B-00C04F79EFBC}") = "Hoteli", "Hoteli\Hoteli.csproj", "{F471F442-1D4E-4083-8B1E-66AD437348BA}"
EndProject
Project("{FAE04EC0-301F-11D3-BF4B-00C04F79EFBC}") = "Hoteli.Tests", "Hoteli.Tests\Hoteli.Tests.csproj", "{F8385748-989A-4D54-A076-36C68C1305A6}"
EndProject
Global
	GlobalSection(SolutionConfigurationPlatforms) = preSolution
		Debug|Any CPU = Debug|Any CPU
		Release|Any CPU = Release|Any CPU
	EndGlobalSection
	GlobalSection(ProjectConfigurationPlatforms) = postSolution
		{F471F442-1D4E-4083-8B1E-66AD437348BA}.Debug|Any CPU.ActiveCfg = Debug|Any CPU
		{F471F442-1D4E-4083-8B1E-66AD437348BA}.Debug|Any CPU.Build.0 = Debug|Any CPU
		{F471F442-1D4E-4083-8B1E-66AD437348BA}.Release|Any CPU.ActiveCfg = Release|Any CPU
		{F471F442-1D4E-4083-8B1E-66AD437348BA}.Release|Any CPU.Build.0 = Release|Any CPU
		{F8385748-989A-4D54-A076-36C68C1305A6}.Debug|Any CPU.ActiveCfg = Debug|Any CPU
		{F8385748-989A-4D54-A076-36C68C1305A6}.Debug|Any CPU.Build.0 = Debug|Any CPU
		{F8385748-989A-4D54-A076-36C68C1305A6}.Release|Any CPU.ActiveCfg = Release|Any CPU
		{F8385748-989A-4D54-A076-36C68C1305A6}.Release|Any CPU.Build.0 = Release|Any CPU
	EndGlobalSection
	GlobalSection(SolutionProperties) = preSolution
		HideSolutionNode = FALSE
	EndGlobalSection
	GlobalSection(ExtensibilityGlobals) = postSolution
		SolutionGuid = {9496DF83-AAC5-4D75-9986-6CDAC09CD518}
	EndGlobalSection
EndGlobal
